// !$*UTF8*$!
{
	archiveVersion = 1;
	classes = {
	};
	objectVersion = 55;
	objects = {

/* Begin PBXBuildFile section */
		49507E26281E967600FDFE51 /* TitleData.swift in Sources */ = {isa = PBXBuildFile; fileRef = 49507E25281E967600FDFE51 /* TitleData.swift */; };
		49507E28281E971D00FDFE51 /* MovieApiManager.swift in Sources */ = {isa = PBXBuildFile; fileRef = 49507E27281E971D00FDFE51 /* MovieApiManager.swift */; };
		49552519281B049500703DEF /* K.swift in Sources */ = {isa = PBXBuildFile; fileRef = 49552518281B049500703DEF /* K.swift */; };
		4955251C281B07FB00703DEF /* CollectionViewTableViewCell.swift in Sources */ = {isa = PBXBuildFile; fileRef = 4955251B281B07FB00703DEF /* CollectionViewTableViewCell.swift */; };
		496DD3E4281D23D600424990 /* HeroHeaderUIView.swift in Sources */ = {isa = PBXBuildFile; fileRef = 496DD3E3281D23D600424990 /* HeroHeaderUIView.swift */; };
		4990AD3C2819D24300A8A1FD /* AppDelegate.swift in Sources */ = {isa = PBXBuildFile; fileRef = 4990AD3B2819D24300A8A1FD /* AppDelegate.swift */; };
		4990AD3E2819D24300A8A1FD /* SceneDelegate.swift in Sources */ = {isa = PBXBuildFile; fileRef = 4990AD3D2819D24300A8A1FD /* SceneDelegate.swift */; };
		4990AD402819D24300A8A1FD /* MainTabBarViewController.swift in Sources */ = {isa = PBXBuildFile; fileRef = 4990AD3F2819D24300A8A1FD /* MainTabBarViewController.swift */; };
		4990AD452819D24400A8A1FD /* Assets.xcassets in Resources */ = {isa = PBXBuildFile; fileRef = 4990AD442819D24400A8A1FD /* Assets.xcassets */; };
		4990AD482819D24400A8A1FD /* LaunchScreen.storyboard in Resources */ = {isa = PBXBuildFile; fileRef = 4990AD462819D24400A8A1FD /* LaunchScreen.storyboard */; };
		4990AD512819D59100A8A1FD /* HomeViewController.swift in Sources */ = {isa = PBXBuildFile; fileRef = 4990AD502819D59100A8A1FD /* HomeViewController.swift */; };
		4990AD532819D5CA00A8A1FD /* UpcomingViewController.swift in Sources */ = {isa = PBXBuildFile; fileRef = 4990AD522819D5CA00A8A1FD /* UpcomingViewController.swift */; };
		4990AD552819D61300A8A1FD /* SearchViewController.swift in Sources */ = {isa = PBXBuildFile; fileRef = 4990AD542819D61300A8A1FD /* SearchViewController.swift */; };
		4990AD572819D64E00A8A1FD /* DownloadsViewController.swift in Sources */ = {isa = PBXBuildFile; fileRef = 4990AD562819D64E00A8A1FD /* DownloadsViewController.swift */; };
		4990AD5A2819DDA100A8A1FD /* TabBarItem.swift in Sources */ = {isa = PBXBuildFile; fileRef = 4990AD592819DDA100A8A1FD /* TabBarItem.swift */; };
		49CD2CD1281FE296000D9794 /* ApiError.swift in Sources */ = {isa = PBXBuildFile; fileRef = 49CD2CD0281FE296000D9794 /* ApiError.swift */; };
		49CD2CD3281FE503000D9794 /* App.plist in Resources */ = {isa = PBXBuildFile; fileRef = 49CD2CD2281FE503000D9794 /* App.plist */; };
		49CD2CD5281FE554000D9794 /* AppConfig.swift in Sources */ = {isa = PBXBuildFile; fileRef = 49CD2CD4281FE554000D9794 /* AppConfig.swift */; };
		49CD2CD8281FE7B1000D9794 /* AppConfigData.swift in Sources */ = {isa = PBXBuildFile; fileRef = 49CD2CD7281FE7B1000D9794 /* AppConfigData.swift */; };
/* End PBXBuildFile section */

/* Begin PBXFileReference section */
		49507E25281E967600FDFE51 /* TitleData.swift */ = {isa = PBXFileReference; lastKnownFileType = sourcecode.swift; path = TitleData.swift; sourceTree = "<group>"; };
		49507E27281E971D00FDFE51 /* MovieApiManager.swift */ = {isa = PBXFileReference; lastKnownFileType = sourcecode.swift; path = MovieApiManager.swift; sourceTree = "<group>"; };
		49552518281B049500703DEF /* K.swift */ = {isa = PBXFileReference; lastKnownFileType = sourcecode.swift; path = K.swift; sourceTree = "<group>"; };
		4955251B281B07FB00703DEF /* CollectionViewTableViewCell.swift */ = {isa = PBXFileReference; lastKnownFileType = sourcecode.swift; path = CollectionViewTableViewCell.swift; sourceTree = "<group>"; };
		496DD3E3281D23D600424990 /* HeroHeaderUIView.swift */ = {isa = PBXFileReference; lastKnownFileType = sourcecode.swift; path = HeroHeaderUIView.swift; sourceTree = "<group>"; };
		4990AD382819D24300A8A1FD /* Netflix Clone.app */ = {isa = PBXFileReference; explicitFileType = wrapper.application; includeInIndex = 0; path = "Netflix Clone.app"; sourceTree = BUILT_PRODUCTS_DIR; };
		4990AD3B2819D24300A8A1FD /* AppDelegate.swift */ = {isa = PBXFileReference; lastKnownFileType = sourcecode.swift; path = AppDelegate.swift; sourceTree = "<group>"; };
		4990AD3D2819D24300A8A1FD /* SceneDelegate.swift */ = {isa = PBXFileReference; lastKnownFileType = sourcecode.swift; path = SceneDelegate.swift; sourceTree = "<group>"; };
		4990AD3F2819D24300A8A1FD /* MainTabBarViewController.swift */ = {isa = PBXFileReference; lastKnownFileType = sourcecode.swift; path = MainTabBarViewController.swift; sourceTree = "<group>"; };
		4990AD442819D24400A8A1FD /* Assets.xcassets */ = {isa = PBXFileReference; lastKnownFileType = folder.assetcatalog; path = Assets.xcassets; sourceTree = "<group>"; };
		4990AD472819D24400A8A1FD /* Base */ = {isa = PBXFileReference; lastKnownFileType = file.storyboard; name = Base; path = Base.lproj/LaunchScreen.storyboard; sourceTree = "<group>"; };
		4990AD492819D24400A8A1FD /* Info.plist */ = {isa = PBXFileReference; lastKnownFileType = text.plist.xml; path = Info.plist; sourceTree = "<group>"; };
		4990AD502819D59100A8A1FD /* HomeViewController.swift */ = {isa = PBXFileReference; lastKnownFileType = sourcecode.swift; path = HomeViewController.swift; sourceTree = "<group>"; };
		4990AD522819D5CA00A8A1FD /* UpcomingViewController.swift */ = {isa = PBXFileReference; lastKnownFileType = sourcecode.swift; path = UpcomingViewController.swift; sourceTree = "<group>"; };
		4990AD542819D61300A8A1FD /* SearchViewController.swift */ = {isa = PBXFileReference; lastKnownFileType = sourcecode.swift; path = SearchViewController.swift; sourceTree = "<group>"; };
		4990AD562819D64E00A8A1FD /* DownloadsViewController.swift */ = {isa = PBXFileReference; lastKnownFileType = sourcecode.swift; path = DownloadsViewController.swift; sourceTree = "<group>"; };
		4990AD592819DDA100A8A1FD /* TabBarItem.swift */ = {isa = PBXFileReference; lastKnownFileType = sourcecode.swift; path = TabBarItem.swift; sourceTree = "<group>"; };
		49CD2CD0281FE296000D9794 /* ApiError.swift */ = {isa = PBXFileReference; lastKnownFileType = sourcecode.swift; path = ApiError.swift; sourceTree = "<group>"; };
		49CD2CD2281FE503000D9794 /* App.plist */ = {isa = PBXFileReference; lastKnownFileType = text.plist.xml; path = App.plist; sourceTree = "<group>"; };
		49CD2CD4281FE554000D9794 /* AppConfig.swift */ = {isa = PBXFileReference; lastKnownFileType = sourcecode.swift; path = AppConfig.swift; sourceTree = "<group>"; };
		49CD2CD7281FE7B1000D9794 /* AppConfigData.swift */ = {isa = PBXFileReference; lastKnownFileType = sourcecode.swift; path = AppConfigData.swift; sourceTree = "<group>"; };
/* End PBXFileReference section */

/* Begin PBXFrameworksBuildPhase section */
		4990AD352819D24300A8A1FD /* Frameworks */ = {
			isa = PBXFrameworksBuildPhase;
			buildActionMask = 2147483647;
			files = (
			);
			runOnlyForDeploymentPostprocessing = 0;
		};
/* End PBXFrameworksBuildPhase section */

/* Begin PBXGroup section */
		49507E23281E932A00FDFE51 /* Models */ = {
			isa = PBXGroup;
			children = (
				49CD2CD6281FE795000D9794 /* Config */,
				49507E24281E933200FDFE51 /* Managers */,
				49507E25281E967600FDFE51 /* TitleData.swift */,
			);
			path = Models;
			sourceTree = "<group>";
		};
		49507E24281E933200FDFE51 /* Managers */ = {
			isa = PBXGroup;
			children = (
				49507E27281E971D00FDFE51 /* MovieApiManager.swift */,
				49CD2CD0281FE296000D9794 /* ApiError.swift */,
			);
			path = Managers;
			sourceTree = "<group>";
		};
		4955251A281B07D000703DEF /* Views */ = {
			isa = PBXGroup;
			children = (
				4955251B281B07FB00703DEF /* CollectionViewTableViewCell.swift */,
				496DD3E3281D23D600424990 /* HeroHeaderUIView.swift */,
			);
			path = Views;
			sourceTree = "<group>";
		};
		4990AD2F2819D24300A8A1FD = {
			isa = PBXGroup;
			children = (
				4990AD3A2819D24300A8A1FD /* Netflix Clone */,
				4990AD392819D24300A8A1FD /* Products */,
			);
			sourceTree = "<group>";
		};
		4990AD392819D24300A8A1FD /* Products */ = {
			isa = PBXGroup;
			children = (
				4990AD382819D24300A8A1FD /* Netflix Clone.app */,
			);
			name = Products;
			sourceTree = "<group>";
		};
		4990AD3A2819D24300A8A1FD /* Netflix Clone */ = {
			isa = PBXGroup;
			children = (
				4990AD3B2819D24300A8A1FD /* AppDelegate.swift */,
				4990AD3D2819D24300A8A1FD /* SceneDelegate.swift */,
				49552518281B049500703DEF /* K.swift */,
				49507E23281E932A00FDFE51 /* Models */,
				4955251A281B07D000703DEF /* Views */,
				4990AD4F2819D54000A8A1FD /* Controllers */,
				4990AD442819D24400A8A1FD /* Assets.xcassets */,
				4990AD462819D24400A8A1FD /* LaunchScreen.storyboard */,
				4990AD492819D24400A8A1FD /* Info.plist */,
				49CD2CD2281FE503000D9794 /* App.plist */,
			);
			path = "Netflix Clone";
			sourceTree = "<group>";
		};
		4990AD4F2819D54000A8A1FD /* Controllers */ = {
			isa = PBXGroup;
			children = (
				4990AD582819D66100A8A1FD /* Navigation */,
				4990AD3F2819D24300A8A1FD /* MainTabBarViewController.swift */,
			);
			path = Controllers;
			sourceTree = "<group>";
		};
		4990AD582819D66100A8A1FD /* Navigation */ = {
			isa = PBXGroup;
			children = (
				4990AD592819DDA100A8A1FD /* TabBarItem.swift */,
				4990AD502819D59100A8A1FD /* HomeViewController.swift */,
				4990AD522819D5CA00A8A1FD /* UpcomingViewController.swift */,
				4990AD542819D61300A8A1FD /* SearchViewController.swift */,
				4990AD562819D64E00A8A1FD /* DownloadsViewController.swift */,
			);
			path = Navigation;
			sourceTree = "<group>";
		};
		49CD2CD6281FE795000D9794 /* Config */ = {
			isa = PBXGroup;
			children = (
				49CD2CD4281FE554000D9794 /* AppConfig.swift */,
				49CD2CD7281FE7B1000D9794 /* AppConfigData.swift */,
			);
			path = Config;
			sourceTree = "<group>";
		};
/* End PBXGroup section */

/* Begin PBXNativeTarget section */
		4990AD372819D24300A8A1FD /* Netflix Clone */ = {
			isa = PBXNativeTarget;
			buildConfigurationList = 4990AD4C2819D24400A8A1FD /* Build configuration list for PBXNativeTarget "Netflix Clone" */;
			buildPhases = (
				4990AD342819D24300A8A1FD /* Sources */,
				4990AD352819D24300A8A1FD /* Frameworks */,
				4990AD362819D24300A8A1FD /* Resources */,
			);
			buildRules = (
			);
			dependencies = (
			);
			name = "Netflix Clone";
			productName = "Netflix Clone";
			productReference = 4990AD382819D24300A8A1FD /* Netflix Clone.app */;
			productType = "com.apple.product-type.application";
		};
/* End PBXNativeTarget section */

/* Begin PBXProject section */
		4990AD302819D24300A8A1FD /* Project object */ = {
			isa = PBXProject;
			attributes = {
				BuildIndependentTargetsInParallel = 1;
				LastSwiftUpdateCheck = 1320;
				LastUpgradeCheck = 1320;
				TargetAttributes = {
					4990AD372819D24300A8A1FD = {
						CreatedOnToolsVersion = 13.2.1;
					};
				};
			};
			buildConfigurationList = 4990AD332819D24300A8A1FD /* Build configuration list for PBXProject "Netflix Clone" */;
			compatibilityVersion = "Xcode 13.0";
			developmentRegion = en;
			hasScannedForEncodings = 0;
			knownRegions = (
				en,
				Base,
			);
			mainGroup = 4990AD2F2819D24300A8A1FD;
			productRefGroup = 4990AD392819D24300A8A1FD /* Products */;
			projectDirPath = "";
			projectRoot = "";
			targets = (
				4990AD372819D24300A8A1FD /* Netflix Clone */,
			);
		};
/* End PBXProject section */

/* Begin PBXResourcesBuildPhase section */
		4990AD362819D24300A8A1FD /* Resources */ = {
			isa = PBXResourcesBuildPhase;
			buildActionMask = 2147483647;
			files = (
				49CD2CD3281FE503000D9794 /* App.plist in Resources */,
				4990AD482819D24400A8A1FD /* LaunchScreen.storyboard in Resources */,
				4990AD452819D24400A8A1FD /* Assets.xcassets in Resources */,
			);
			runOnlyForDeploymentPostprocessing = 0;
		};
/* End PBXResourcesBuildPhase section */

/* Begin PBXSourcesBuildPhase section */
		4990AD342819D24300A8A1FD /* Sources */ = {
			isa = PBXSourcesBuildPhase;
			buildActionMask = 2147483647;
			files = (
				4955251C281B07FB00703DEF /* CollectionViewTableViewCell.swift in Sources */,
				49552519281B049500703DEF /* K.swift in Sources */,
				49507E26281E967600FDFE51 /* TitleData.swift in Sources */,
				4990AD552819D61300A8A1FD /* SearchViewController.swift in Sources */,
				4990AD402819D24300A8A1FD /* MainTabBarViewController.swift in Sources */,
				4990AD572819D64E00A8A1FD /* DownloadsViewController.swift in Sources */,
				49CD2CD5281FE554000D9794 /* AppConfig.swift in Sources */,
				4990AD3C2819D24300A8A1FD /* AppDelegate.swift in Sources */,
				49CD2CD1281FE296000D9794 /* ApiError.swift in Sources */,
				4990AD3E2819D24300A8A1FD /* SceneDelegate.swift in Sources */,
				4990AD532819D5CA00A8A1FD /* UpcomingViewController.swift in Sources */,
				496DD3E4281D23D600424990 /* HeroHeaderUIView.swift in Sources */,
				4990AD5A2819DDA100A8A1FD /* TabBarItem.swift in Sources */,
				4990AD512819D59100A8A1FD /* HomeViewController.swift in Sources */,
				49507E28281E971D00FDFE51 /* MovieApiManager.swift in Sources */,
				49CD2CD8281FE7B1000D9794 /* AppConfigData.swift in Sources */,
			);
			runOnlyForDeploymentPostprocessing = 0;
		};
/* End PBXSourcesBuildPhase section */

/* Begin PBXVariantGroup section */
		4990AD462819D24400A8A1FD /* LaunchScreen.storyboard */ = {
			isa = PBXVariantGroup;
			children = (
				4990AD472819D24400A8A1FD /* Base */,
			);
			name = LaunchScreen.storyboard;
			sourceTree = "<group>";
		};
/* End PBXVariantGroup section */

/* Begin XCBuildConfiguration section */
		4990AD4A2819D24400A8A1FD /* Debug */ = {
			isa = XCBuildConfiguration;
			buildSettings = {
				ALWAYS_SEARCH_USER_PATHS = NO;
				CLANG_ANALYZER_NONNULL = YES;
				CLANG_ANALYZER_NUMBER_OBJECT_CONVERSION = YES_AGGRESSIVE;
				CLANG_CXX_LANGUAGE_STANDARD = "gnu++17";
				CLANG_CXX_LIBRARY = "libc++";
				CLANG_ENABLE_MODULES = YES;
				CLANG_ENABLE_OBJC_ARC = YES;
				CLANG_ENABLE_OBJC_WEAK = YES;
				CLANG_WARN_BLOCK_CAPTURE_AUTORELEASING = YES;
				CLANG_WARN_BOOL_CONVERSION = YES;
				CLANG_WARN_COMMA = YES;
				CLANG_WARN_CONSTANT_CONVERSION = YES;
				CLANG_WARN_DEPRECATED_OBJC_IMPLEMENTATIONS = YES;
				CLANG_WARN_DIRECT_OBJC_ISA_USAGE = YES_ERROR;
				CLANG_WARN_DOCUMENTATION_COMMENTS = YES;
				CLANG_WARN_EMPTY_BODY = YES;
				CLANG_WARN_ENUM_CONVERSION = YES;
				CLANG_WARN_INFINITE_RECURSION = YES;
				CLANG_WARN_INT_CONVERSION = YES;
				CLANG_WARN_NON_LITERAL_NULL_CONVERSION = YES;
				CLANG_WARN_OBJC_IMPLICIT_RETAIN_SELF = YES;
				CLANG_WARN_OBJC_LITERAL_CONVERSION = YES;
				CLANG_WARN_OBJC_ROOT_CLASS = YES_ERROR;
				CLANG_WARN_QUOTED_INCLUDE_IN_FRAMEWORK_HEADER = YES;
				CLANG_WARN_RANGE_LOOP_ANALYSIS = YES;
				CLANG_WARN_STRICT_PROTOTYPES = YES;
				CLANG_WARN_SUSPICIOUS_MOVE = YES;
				CLANG_WARN_UNGUARDED_AVAILABILITY = YES_AGGRESSIVE;
				CLANG_WARN_UNREACHABLE_CODE = YES;
				CLANG_WARN__DUPLICATE_METHOD_MATCH = YES;
				COPY_PHASE_STRIP = NO;
				DEBUG_INFORMATION_FORMAT = dwarf;
				ENABLE_STRICT_OBJC_MSGSEND = YES;
				ENABLE_TESTABILITY = YES;
				GCC_C_LANGUAGE_STANDARD = gnu11;
				GCC_DYNAMIC_NO_PIC = NO;
				GCC_NO_COMMON_BLOCKS = YES;
				GCC_OPTIMIZATION_LEVEL = 0;
				GCC_PREPROCESSOR_DEFINITIONS = (
					"DEBUG=1",
					"$(inherited)",
				);
				GCC_WARN_64_TO_32_BIT_CONVERSION = YES;
				GCC_WARN_ABOUT_RETURN_TYPE = YES_ERROR;
				GCC_WARN_UNDECLARED_SELECTOR = YES;
				GCC_WARN_UNINITIALIZED_AUTOS = YES_AGGRESSIVE;
				GCC_WARN_UNUSED_FUNCTION = YES;
				GCC_WARN_UNUSED_VARIABLE = YES;
				IPHONEOS_DEPLOYMENT_TARGET = 15.2;
				MTL_ENABLE_DEBUG_INFO = INCLUDE_SOURCE;
				MTL_FAST_MATH = YES;
				ONLY_ACTIVE_ARCH = YES;
				SDKROOT = iphoneos;
				SWIFT_ACTIVE_COMPILATION_CONDITIONS = DEBUG;
				SWIFT_OPTIMIZATION_LEVEL = "-Onone";
			};
			name = Debug;
		};
		4990AD4B2819D24400A8A1FD /* Release */ = {
			isa = XCBuildConfiguration;
			buildSettings = {
				ALWAYS_SEARCH_USER_PATHS = NO;
				CLANG_ANALYZER_NONNULL = YES;
				CLANG_ANALYZER_NUMBER_OBJECT_CONVERSION = YES_AGGRESSIVE;
				CLANG_CXX_LANGUAGE_STANDARD = "gnu++17";
				CLANG_CXX_LIBRARY = "libc++";
				CLANG_ENABLE_MODULES = YES;
				CLANG_ENABLE_OBJC_ARC = YES;
				CLANG_ENABLE_OBJC_WEAK = YES;
				CLANG_WARN_BLOCK_CAPTURE_AUTORELEASING = YES;
				CLANG_WARN_BOOL_CONVERSION = YES;
				CLANG_WARN_COMMA = YES;
				CLANG_WARN_CONSTANT_CONVERSION = YES;
				CLANG_WARN_DEPRECATED_OBJC_IMPLEMENTATIONS = YES;
				CLANG_WARN_DIRECT_OBJC_ISA_USAGE = YES_ERROR;
				CLANG_WARN_DOCUMENTATION_COMMENTS = YES;
				CLANG_WARN_EMPTY_BODY = YES;
				CLANG_WARN_ENUM_CONVERSION = YES;
				CLANG_WARN_INFINITE_RECURSION = YES;
				CLANG_WARN_INT_CONVERSION = YES;
				CLANG_WARN_NON_LITERAL_NULL_CONVERSION = YES;
				CLANG_WARN_OBJC_IMPLICIT_RETAIN_SELF = YES;
				CLANG_WARN_OBJC_LITERAL_CONVERSION = YES;
				CLANG_WARN_OBJC_ROOT_CLASS = YES_ERROR;
				CLANG_WARN_QUOTED_INCLUDE_IN_FRAMEWORK_HEADER = YES;
				CLANG_WARN_RANGE_LOOP_ANALYSIS = YES;
				CLANG_WARN_STRICT_PROTOTYPES = YES;
				CLANG_WARN_SUSPICIOUS_MOVE = YES;
				CLANG_WARN_UNGUARDED_AVAILABILITY = YES_AGGRESSIVE;
				CLANG_WARN_UNREACHABLE_CODE = YES;
				CLANG_WARN__DUPLICATE_METHOD_MATCH = YES;
				COPY_PHASE_STRIP = NO;
				DEBUG_INFORMATION_FORMAT = "dwarf-with-dsym";
				ENABLE_NS_ASSERTIONS = NO;
				ENABLE_STRICT_OBJC_MSGSEND = YES;
				GCC_C_LANGUAGE_STANDARD = gnu11;
				GCC_NO_COMMON_BLOCKS = YES;
				GCC_WARN_64_TO_32_BIT_CONVERSION = YES;
				GCC_WARN_ABOUT_RETURN_TYPE = YES_ERROR;
				GCC_WARN_UNDECLARED_SELECTOR = YES;
				GCC_WARN_UNINITIALIZED_AUTOS = YES_AGGRESSIVE;
				GCC_WARN_UNUSED_FUNCTION = YES;
				GCC_WARN_UNUSED_VARIABLE = YES;
				IPHONEOS_DEPLOYMENT_TARGET = 15.2;
				MTL_ENABLE_DEBUG_INFO = NO;
				MTL_FAST_MATH = YES;
				SDKROOT = iphoneos;
				SWIFT_COMPILATION_MODE = wholemodule;
				SWIFT_OPTIMIZATION_LEVEL = "-O";
				VALIDATE_PRODUCT = YES;
			};
			name = Release;
		};
		4990AD4D2819D24400A8A1FD /* Debug */ = {
			isa = XCBuildConfiguration;
			buildSettings = {
				ASSETCATALOG_COMPILER_APPICON_NAME = AppIcon;
				ASSETCATALOG_COMPILER_GLOBAL_ACCENT_COLOR_NAME = AccentColor;
				CODE_SIGN_STYLE = Automatic;
				CURRENT_PROJECT_VERSION = 1;
				DEVELOPMENT_TEAM = 35SLUUH38U;
				GENERATE_INFOPLIST_FILE = YES;
				INFOPLIST_FILE = "Netflix Clone/Info.plist";
				INFOPLIST_KEY_UIApplicationSupportsIndirectInputEvents = YES;
				INFOPLIST_KEY_UILaunchStoryboardName = LaunchScreen;
				INFOPLIST_KEY_UISupportedInterfaceOrientations_iPad = "UIInterfaceOrientationPortrait UIInterfaceOrientationPortraitUpsideDown UIInterfaceOrientationLandscapeLeft UIInterfaceOrientationLandscapeRight";
				INFOPLIST_KEY_UISupportedInterfaceOrientations_iPhone = "UIInterfaceOrientationPortrait UIInterfaceOrientationLandscapeLeft UIInterfaceOrientationLandscapeRight";
				LD_RUNPATH_SEARCH_PATHS = (
					"$(inherited)",
					"@executable_path/Frameworks",
				);
				MARKETING_VERSION = 1.0;
				PRODUCT_BUNDLE_IDENTIFIER = "com.icookieboy.Netflix-Clone";
				PRODUCT_NAME = "$(TARGET_NAME)";
				SWIFT_EMIT_LOC_STRINGS = YES;
				SWIFT_VERSION = 5.0;
				TARGETED_DEVICE_FAMILY = "1,2";
			};
			name = Debug;
		};
		4990AD4E2819D24400A8A1FD /* Release */ = {
			isa = XCBuildConfiguration;
			buildSettings = {
				ASSETCATALOG_COMPILER_APPICON_NAME = AppIcon;
				ASSETCATALOG_COMPILER_GLOBAL_ACCENT_COLOR_NAME = AccentColor;
				CODE_SIGN_STYLE = Automatic;
				CURRENT_PROJECT_VERSION = 1;
				DEVELOPMENT_TEAM = 35SLUUH38U;
				GENERATE_INFOPLIST_FILE = YES;
				INFOPLIST_FILE = "Netflix Clone/Info.plist";
				INFOPLIST_KEY_UIApplicationSupportsIndirectInputEvents = YES;
				INFOPLIST_KEY_UILaunchStoryboardName = LaunchScreen;
				INFOPLIST_KEY_UISupportedInterfaceOrientations_iPad = "UIInterfaceOrientationPortrait UIInterfaceOrientationPortraitUpsideDown UIInterfaceOrientationLandscapeLeft UIInterfaceOrientationLandscapeRight";
				INFOPLIST_KEY_UISupportedInterfaceOrientations_iPhone = "UIInterfaceOrientationPortrait UIInterfaceOrientationLandscapeLeft UIInterfaceOrientationLandscapeRight";
				LD_RUNPATH_SEARCH_PATHS = (
					"$(inherited)",
					"@executable_path/Frameworks",
				);
				MARKETING_VERSION = 1.0;
				PRODUCT_BUNDLE_IDENTIFIER = "com.icookieboy.Netflix-Clone";
				PRODUCT_NAME = "$(TARGET_NAME)";
				SWIFT_EMIT_LOC_STRINGS = YES;
				SWIFT_VERSION = 5.0;
				TARGETED_DEVICE_FAMILY = "1,2";
			};
			name = Release;
		};
/* End XCBuildConfiguration section */

/* Begin XCConfigurationList section */
		4990AD332819D24300A8A1FD /* Build configuration list for PBXProject "Netflix Clone" */ = {
			isa = XCConfigurationList;
			buildConfigurations = (
				4990AD4A2819D24400A8A1FD /* Debug */,
				4990AD4B2819D24400A8A1FD /* Release */,
			);
			defaultConfigurationIsVisible = 0;
			defaultConfigurationName = Release;
		};
		4990AD4C2819D24400A8A1FD /* Build configuration list for PBXNativeTarget "Netflix Clone" */ = {
			isa = XCConfigurationList;
			buildConfigurations = (
				4990AD4D2819D24400A8A1FD /* Debug */,
				4990AD4E2819D24400A8A1FD /* Release */,
			);
			defaultConfigurationIsVisible = 0;
			defaultConfigurationName = Release;
		};
/* End XCConfigurationList section */
	};
	rootObject = 4990AD302819D24300A8A1FD /* Project object */;
}
